// !$*UTF8*$!
{
	archiveVersion = 1;
	classes = {
	};
	objectVersion = 46;
	objects = {

/* Begin PBXBuildFile section */
		753773C61B5FB3640081DA54 /* AppDelegate.swift in Sources */ = {isa = PBXBuildFile; fileRef = 753773C51B5FB3640081DA54 /* AppDelegate.swift */; };
		753773C81B5FB3640081DA54 /* ViewController.swift in Sources */ = {isa = PBXBuildFile; fileRef = 753773C71B5FB3640081DA54 /* ViewController.swift */; };
		753773CB1B5FB3640081DA54 /* Main.storyboard in Resources */ = {isa = PBXBuildFile; fileRef = 753773C91B5FB3640081DA54 /* Main.storyboard */; };
		753773CD1B5FB3640081DA54 /* Images.xcassets in Resources */ = {isa = PBXBuildFile; fileRef = 753773CC1B5FB3640081DA54 /* Images.xcassets */; };
		753773D01B5FB3640081DA54 /* LaunchScreen.xib in Resources */ = {isa = PBXBuildFile; fileRef = 753773CE1B5FB3640081DA54 /* LaunchScreen.xib */; };
		753773DC1B5FB3650081DA54 /* ANKeyboardObserverManagerTests.swift in Sources */ = {isa = PBXBuildFile; fileRef = 753773DB1B5FB3650081DA54 /* ANKeyboardObserverManagerTests.swift */; };
		753773EB1B5FB9D20081DA54 /* ANKeyboardObserverManager.m in Sources */ = {isa = PBXBuildFile; fileRef = 753773EA1B5FB9D20081DA54 /* ANKeyboardObserverManager.m */; };
/* End PBXBuildFile section */

/* Begin PBXContainerItemProxy section */
		753773D61B5FB3640081DA54 /* PBXContainerItemProxy */ = {
			isa = PBXContainerItemProxy;
			containerPortal = 753773B81B5FB3640081DA54 /* Project object */;
			proxyType = 1;
			remoteGlobalIDString = 753773BF1B5FB3640081DA54;
			remoteInfo = ANKeyboardObserverManager;
		};
/* End PBXContainerItemProxy section */

/* Begin PBXFileReference section */
		753773C01B5FB3640081DA54 /* ANKeyboardObserverManager.app */ = {isa = PBXFileReference; explicitFileType = wrapper.application; includeInIndex = 0; path = ANKeyboardObserverManager.app; sourceTree = BUILT_PRODUCTS_DIR; };
		753773C41B5FB3640081DA54 /* Info.plist */ = {isa = PBXFileReference; lastKnownFileType = text.plist.xml; path = Info.plist; sourceTree = "<group>"; };
		753773C51B5FB3640081DA54 /* AppDelegate.swift */ = {isa = PBXFileReference; lastKnownFileType = sourcecode.swift; path = AppDelegate.swift; sourceTree = "<group>"; };
		753773C71B5FB3640081DA54 /* ViewController.swift */ = {isa = PBXFileReference; lastKnownFileType = sourcecode.swift; path = ViewController.swift; sourceTree = "<group>"; };
		753773CA1B5FB3640081DA54 /* Base */ = {isa = PBXFileReference; lastKnownFileType = file.storyboard; name = Base; path = Base.lproj/Main.storyboard; sourceTree = "<group>"; };
		753773CC1B5FB3640081DA54 /* Images.xcassets */ = {isa = PBXFileReference; lastKnownFileType = folder.assetcatalog; path = Images.xcassets; sourceTree = "<group>"; };
		753773CF1B5FB3640081DA54 /* Base */ = {isa = PBXFileReference; lastKnownFileType = file.xib; name = Base; path = Base.lproj/LaunchScreen.xib; sourceTree = "<group>"; };
		753773D51B5FB3640081DA54 /* ANKeyboardObserverManagerTests.xctest */ = {isa = PBXFileReference; explicitFileType = wrapper.cfbundle; includeInIndex = 0; path = ANKeyboardObserverManagerTests.xctest; sourceTree = BUILT_PRODUCTS_DIR; };
		753773DA1B5FB3650081DA54 /* Info.plist */ = {isa = PBXFileReference; lastKnownFileType = text.plist.xml; path = Info.plist; sourceTree = "<group>"; };
		753773DB1B5FB3650081DA54 /* ANKeyboardObserverManagerTests.swift */ = {isa = PBXFileReference; lastKnownFileType = sourcecode.swift; path = ANKeyboardObserverManagerTests.swift; sourceTree = "<group>"; };
		753773E71B5FB4A80081DA54 /* ANKeyboardObserverManager-Bridging-Header.h */ = {isa = PBXFileReference; lastKnownFileType = sourcecode.c.h; path = "ANKeyboardObserverManager-Bridging-Header.h"; sourceTree = "<group>"; };
		753773E91B5FB9D20081DA54 /* ANKeyboardObserverManager.h */ = {isa = PBXFileReference; fileEncoding = 4; lastKnownFileType = sourcecode.c.h; path = ANKeyboardObserverManager.h; sourceTree = "<group>"; };
		753773EA1B5FB9D20081DA54 /* ANKeyboardObserverManager.m */ = {isa = PBXFileReference; fileEncoding = 4; lastKnownFileType = sourcecode.c.objc; path = ANKeyboardObserverManager.m; sourceTree = "<group>"; };
/* End PBXFileReference section */

/* Begin PBXFrameworksBuildPhase section */
		753773BD1B5FB3640081DA54 /* Frameworks */ = {
			isa = PBXFrameworksBuildPhase;
			buildActionMask = 2147483647;
			files = (
			);
			runOnlyForDeploymentPostprocessing = 0;
		};
		753773D21B5FB3640081DA54 /* Frameworks */ = {
			isa = PBXFrameworksBuildPhase;
			buildActionMask = 2147483647;
			files = (
			);
			runOnlyForDeploymentPostprocessing = 0;
		};
/* End PBXFrameworksBuildPhase section */

/* Begin PBXGroup section */
		753773B71B5FB3640081DA54 = {
			isa = PBXGroup;
			children = (
				753773C21B5FB3640081DA54 /* ANKeyboardObserverManager */,
				753773D81B5FB3640081DA54 /* ANKeyboardObserverManagerTests */,
				753773C11B5FB3640081DA54 /* Products */,
			);
			sourceTree = "<group>";
		};
		753773C11B5FB3640081DA54 /* Products */ = {
			isa = PBXGroup;
			children = (
				753773C01B5FB3640081DA54 /* ANKeyboardObserverManager.app */,
				753773D51B5FB3640081DA54 /* ANKeyboardObserverManagerTests.xctest */,
			);
			name = Products;
			sourceTree = "<group>";
		};
		753773C21B5FB3640081DA54 /* ANKeyboardObserverManager */ = {
			isa = PBXGroup;
			children = (
				753773E81B5FB9B50081DA54 /* Source */,
				753773C51B5FB3640081DA54 /* AppDelegate.swift */,
				753773C71B5FB3640081DA54 /* ViewController.swift */,
				753773C91B5FB3640081DA54 /* Main.storyboard */,
				753773CC1B5FB3640081DA54 /* Images.xcassets */,
				753773CE1B5FB3640081DA54 /* LaunchScreen.xib */,
				753773C31B5FB3640081DA54 /* Supporting Files */,
			);
			path = ANKeyboardObserverManager;
			sourceTree = "<group>";
		};
		753773C31B5FB3640081DA54 /* Supporting Files */ = {
			isa = PBXGroup;
			children = (
				753773C41B5FB3640081DA54 /* Info.plist */,
				753773E71B5FB4A80081DA54 /* ANKeyboardObserverManager-Bridging-Header.h */,
			);
			name = "Supporting Files";
			sourceTree = "<group>";
		};
		753773D81B5FB3640081DA54 /* ANKeyboardObserverManagerTests */ = {
			isa = PBXGroup;
			children = (
				753773DB1B5FB3650081DA54 /* ANKeyboardObserverManagerTests.swift */,
				753773D91B5FB3650081DA54 /* Supporting Files */,
			);
			path = ANKeyboardObserverManagerTests;
			sourceTree = "<group>";
		};
		753773D91B5FB3650081DA54 /* Supporting Files */ = {
			isa = PBXGroup;
			children = (
				753773DA1B5FB3650081DA54 /* Info.plist */,
			);
			name = "Supporting Files";
			sourceTree = "<group>";
		};
		753773E81B5FB9B50081DA54 /* Source */ = {
			isa = PBXGroup;
			children = (
				753773E91B5FB9D20081DA54 /* ANKeyboardObserverManager.h */,
				753773EA1B5FB9D20081DA54 /* ANKeyboardObserverManager.m */,
			);
			name = Source;
			sourceTree = "<group>";
		};
/* End PBXGroup section */

/* Begin PBXNativeTarget section */
		753773BF1B5FB3640081DA54 /* ANKeyboardObserverManager */ = {
			isa = PBXNativeTarget;
			buildConfigurationList = 753773DF1B5FB3650081DA54 /* Build configuration list for PBXNativeTarget "ANKeyboardObserverManager" */;
			buildPhases = (
				753773BC1B5FB3640081DA54 /* Sources */,
				753773BD1B5FB3640081DA54 /* Frameworks */,
				753773BE1B5FB3640081DA54 /* Resources */,
			);
			buildRules = (
			);
			dependencies = (
			);
			name = ANKeyboardObserverManager;
			productName = ANKeyboardObserverManager;
			productReference = 753773C01B5FB3640081DA54 /* ANKeyboardObserverManager.app */;
			productType = "com.apple.product-type.application";
		};
		753773D41B5FB3640081DA54 /* ANKeyboardObserverManagerTests */ = {
			isa = PBXNativeTarget;
			buildConfigurationList = 753773E21B5FB3650081DA54 /* Build configuration list for PBXNativeTarget "ANKeyboardObserverManagerTests" */;
			buildPhases = (
				753773D11B5FB3640081DA54 /* Sources */,
				753773D21B5FB3640081DA54 /* Frameworks */,
				753773D31B5FB3640081DA54 /* Resources */,
			);
			buildRules = (
			);
			dependencies = (
				753773D71B5FB3640081DA54 /* PBXTargetDependency */,
			);
			name = ANKeyboardObserverManagerTests;
			productName = ANKeyboardObserverManagerTests;
			productReference = 753773D51B5FB3640081DA54 /* ANKeyboardObserverManagerTests.xctest */;
			productType = "com.apple.product-type.bundle.unit-test";
		};
/* End PBXNativeTarget section */

/* Begin PBXProject section */
		753773B81B5FB3640081DA54 /* Project object */ = {
			isa = PBXProject;
			attributes = {
				LastUpgradeCheck = 0640;
				ORGANIZATIONNAME = Candyan;
				TargetAttributes = {
					753773BF1B5FB3640081DA54 = {
						CreatedOnToolsVersion = 6.4;
					};
					753773D41B5FB3640081DA54 = {
						CreatedOnToolsVersion = 6.4;
						TestTargetID = 753773BF1B5FB3640081DA54;
					};
				};
			};
			buildConfigurationList = 753773BB1B5FB3640081DA54 /* Build configuration list for PBXProject "ANKeyboardObserverManager" */;
			compatibilityVersion = "Xcode 3.2";
			developmentRegion = English;
			hasScannedForEncodings = 0;
			knownRegions = (
				en,
				Base,
			);
			mainGroup = 753773B71B5FB3640081DA54;
			productRefGroup = 753773C11B5FB3640081DA54 /* Products */;
			projectDirPath = "";
			projectRoot = "";
			targets = (
				753773BF1B5FB3640081DA54 /* ANKeyboardObserverManager */,
				753773D41B5FB3640081DA54 /* ANKeyboardObserverManagerTests */,
			);
		};
/* End PBXProject section */

/* Begin PBXResourcesBuildPhase section */
		753773BE1B5FB3640081DA54 /* Resources */ = {
			isa = PBXResourcesBuildPhase;
			buildActionMask = 2147483647;
			files = (
				753773CB1B5FB3640081DA54 /* Main.storyboard in Resources */,
				753773D01B5FB3640081DA54 /* LaunchScreen.xib in Resources */,
				753773CD1B5FB3640081DA54 /* Images.xcassets in Resources */,
			);
			runOnlyForDeploymentPostprocessing = 0;
		};
		753773D31B5FB3640081DA54 /* Resources */ = {
			isa = PBXResourcesBuildPhase;
			buildActionMask = 2147483647;
			files = (
			);
			runOnlyForDeploymentPostprocessing = 0;
		};
/* End PBXResourcesBuildPhase section */

/* Begin PBXSourcesBuildPhase section */
		753773BC1B5FB3640081DA54 /* Sources */ = {
			isa = PBXSourcesBuildPhase;
			buildActionMask = 2147483647;
			files = (
				753773EB1B5FB9D20081DA54 /* ANKeyboardObserverManager.m in Sources */,
				753773C81B5FB3640081DA54 /* ViewController.swift in Sources */,
				753773C61B5FB3640081DA54 /* AppDelegate.swift in Sources */,
			);
			runOnlyForDeploymentPostprocessing = 0;
		};
		753773D11B5FB3640081DA54 /* Sources */ = {
			isa = PBXSourcesBuildPhase;
			buildActionMask = 2147483647;
			files = (
				753773DC1B5FB3650081DA54 /* ANKeyboardObserverManagerTests.swift in Sources */,
			);
			runOnlyForDeploymentPostprocessing = 0;
		};
/* End PBXSourcesBuildPhase section */

/* Begin PBXTargetDependency section */
		753773D71B5FB3640081DA54 /* PBXTargetDependency */ = {
			isa = PBXTargetDependency;
			target = 753773BF1B5FB3640081DA54 /* ANKeyboardObserverManager */;
			targetProxy = 753773D61B5FB3640081DA54 /* PBXContainerItemProxy */;
		};
/* End PBXTargetDependency section */

/* Begin PBXVariantGroup section */
		753773C91B5FB3640081DA54 /* Main.storyboard */ = {
			isa = PBXVariantGroup;
			children = (
				753773CA1B5FB3640081DA54 /* Base */,
			);
			name = Main.storyboard;
			sourceTree = "<group>";
		};
		753773CE1B5FB3640081DA54 /* LaunchScreen.xib */ = {
			isa = PBXVariantGroup;
			children = (
				753773CF1B5FB3640081DA54 /* Base */,
			);
			name = LaunchScreen.xib;
			sourceTree = "<group>";
		};
/* End PBXVariantGroup section */

/* Begin XCBuildConfiguration section */
		753773DD1B5FB3650081DA54 /* Debug */ = {
			isa = XCBuildConfiguration;
			buildSettings = {
				ALWAYS_SEARCH_USER_PATHS = NO;
				CLANG_CXX_LANGUAGE_STANDARD = "gnu++0x";
				CLANG_CXX_LIBRARY = "libc++";
				CLANG_ENABLE_MODULES = YES;
				CLANG_ENABLE_OBJC_ARC = YES;
				CLANG_WARN_BOOL_CONVERSION = YES;
				CLANG_WARN_CONSTANT_CONVERSION = YES;
				CLANG_WARN_DIRECT_OBJC_ISA_USAGE = YES_ERROR;
				CLANG_WARN_EMPTY_BODY = YES;
				CLANG_WARN_ENUM_CONVERSION = YES;
				CLANG_WARN_INT_CONVERSION = YES;
				CLANG_WARN_OBJC_ROOT_CLASS = YES_ERROR;
				CLANG_WARN_UNREACHABLE_CODE = YES;
				CLANG_WARN__DUPLICATE_METHOD_MATCH = YES;
				"CODE_SIGN_IDENTITY[sdk=iphoneos*]" = "iPhone Developer";
				COPY_PHASE_STRIP = NO;
				DEBUG_INFORMATION_FORMAT = "dwarf-with-dsym";
				ENABLE_STRICT_OBJC_MSGSEND = YES;
				GCC_C_LANGUAGE_STANDARD = gnu99;
				GCC_DYNAMIC_NO_PIC = NO;
				GCC_NO_COMMON_BLOCKS = YES;
				GCC_OPTIMIZATION_LEVEL = 0;
				GCC_PREPROCESSOR_DEFINITIONS = (
					"DEBUG=1",
					"$(inherited)",
				);
				GCC_SYMBOLS_PRIVATE_EXTERN = NO;
				GCC_WARN_64_TO_32_BIT_CONVERSION = YES;
				GCC_WARN_ABOUT_RETURN_TYPE = YES_ERROR;
				GCC_WARN_UNDECLARED_SELECTOR = YES;
				GCC_WARN_UNINITIALIZED_AUTOS = YES_AGGRESSIVE;
				GCC_WARN_UNUSED_FUNCTION = YES;
				GCC_WARN_UNUSED_VARIABLE = YES;
				IPHONEOS_DEPLOYMENT_TARGET = 8.4;
				MTL_ENABLE_DEBUG_INFO = YES;
				ONLY_ACTIVE_ARCH = YES;
				SDKROOT = iphoneos;
				SWIFT_OPTIMIZATION_LEVEL = "-Onone";
				TARGETED_DEVICE_FAMILY = "1,2";
			};
			name = Debug;
		};
		753773DE1B5FB3650081DA54 /* Release */ = {
			isa = XCBuildConfiguration;
			buildSettings = {
				ALWAYS_SEARCH_USER_PATHS = NO;
				CLANG_CXX_LANGUAGE_STANDARD = "gnu++0x";
				CLANG_CXX_LIBRARY = "libc++";
				CLANG_ENABLE_MODULES = YES;
				CLANG_ENABLE_OBJC_ARC = YES;
				CLANG_WARN_BOOL_CONVERSION = YES;
				CLANG_WARN_CONSTANT_CONVERSION = YES;
				CLANG_WARN_DIRECT_OBJC_ISA_USAGE = YES_ERROR;
				CLANG_WARN_EMPTY_BODY = YES;
				CLANG_WARN_ENUM_CONVERSION = YES;
				CLANG_WARN_INT_CONVERSION = YES;
				CLANG_WARN_OBJC_ROOT_CLASS = YES_ERROR;
				CLANG_WARN_UNREACHABLE_CODE = YES;
				CLANG_WARN__DUPLICATE_METHOD_MATCH = YES;
				"CODE_SIGN_IDENTITY[sdk=iphoneos*]" = "iPhone Developer";
				COPY_PHASE_STRIP = NO;
				DEBUG_INFORMATION_FORMAT = "dwarf-with-dsym";
				ENABLE_NS_ASSERTIONS = NO;
				ENABLE_STRICT_OBJC_MSGSEND = YES;
				GCC_C_LANGUAGE_STANDARD = gnu99;
				GCC_NO_COMMON_BLOCKS = YES;
				GCC_WARN_64_TO_32_BIT_CONVERSION = YES;
				GCC_WARN_ABOUT_RETURN_TYPE = YES_ERROR;
				GCC_WARN_UNDECLARED_SELECTOR = YES;
				GCC_WARN_UNINITIALIZED_AUTOS = YES_AGGRESSIVE;
				GCC_WARN_UNUSED_FUNCTION = YES;
				GCC_WARN_UNUSED_VARIABLE = YES;
				IPHONEOS_DEPLOYMENT_TARGET = 8.4;
				MTL_ENABLE_DEBUG_INFO = NO;
				SDKROOT = iphoneos;
				TARGETED_DEVICE_FAMILY = "1,2";
				VALIDATE_PRODUCT = YES;
			};
			name = Release;
		};
		753773E01B5FB3650081DA54 /* Debug */ = {
			isa = XCBuildConfiguration;
			buildSettings = {
				ASSETCATALOG_COMPILER_APPICON_NAME = AppIcon;
				HEADER_SEARCH_PATHS = (
					"$(inherited)",
					/Applications/Xcode.app/Contents/Developer/Toolchains/XcodeDefault.xctoolchain/usr/include,
					../Source,
				);
				INFOPLIST_FILE = ANKeyboardObserverManager/Info.plist;
				LD_RUNPATH_SEARCH_PATHS = "$(inherited) @executable_path/Frameworks";
				PRODUCT_NAME = "$(TARGET_NAME)";
				SWIFT_OBJC_BRIDGING_HEADER = "ANKeyboardObserverManager/ANKeyboardObserverManager-Bridging-Header.h";
			};
			name = Debug;
		};
		753773E11B5FB3650081DA54 /* Release */ = {
			isa = XCBuildConfiguration;
			buildSettings = {
				ASSETCATALOG_COMPILER_APPICON_NAME = AppIcon;
				HEADER_SEARCH_PATHS = (
					"$(inherited)",
					/Applications/Xcode.app/Contents/Developer/Toolchains/XcodeDefault.xctoolchain/usr/include,
					../Source,
				);
				INFOPLIST_FILE = ANKeyboardObserverManager/Info.plist;
				LD_RUNPATH_SEARCH_PATHS = "$(inherited) @executable_path/Frameworks";
				PRODUCT_NAME = "$(TARGET_NAME)";
				SWIFT_OBJC_BRIDGING_HEADER = "ANKeyboardObserverManager/ANKeyboardObserverManager-Bridging-Header.h";
			};
			name = Release;
		};
		753773E31B5FB3650081DA54 /* Debug */ = {
			isa = XCBuildConfiguration;
			buildSettings = {
				BUNDLE_LOADER = "$(TEST_HOST)";
				FRAMEWORK_SEARCH_PATHS = (
					"$(SDKROOT)/Developer/Library/Frameworks",
					"$(inherited)",
				);
				GCC_PREPROCESSOR_DEFINITIONS = (
					"DEBUG=1",
					"$(inherited)",
				);
				INFOPLIST_FILE = ANKeyboardObserverManagerTests/Info.plist;
				LD_RUNPATH_SEARCH_PATHS = "$(inherited) @executable_path/Frameworks @loader_path/Frameworks";
				PRODUCT_NAME = "$(TARGET_NAME)";
				TEST_HOST = "$(BUILT_PRODUCTS_DIR)/ANKeyboardObserverManager.app/ANKeyboardObserverManager";
			};
			name = Debug;
		};
		753773E41B5FB3650081DA54 /* Release */ = {
			isa = XCBuildConfiguration;
			buildSettings = {
				BUNDLE_LOADER = "$(TEST_HOST)";
				FRAMEWORK_SEARCH_PATHS = (
					"$(SDKROOT)/Developer/Library/Frameworks",
					"$(inherited)",
				);
				INFOPLIST_FILE = ANKeyboardObserverManagerTests/Info.plist;
				LD_RUNPATH_SEARCH_PATHS = "$(inherited) @executable_path/Frameworks @loader_path/Frameworks";
				PRODUCT_NAME = "$(TARGET_NAME)";
				TEST_HOST = "$(BUILT_PRODUCTS_DIR)/ANKeyboardObserverManager.app/ANKeyboardObserverManager";
			};
			name = Release;
		};
/* End XCBuildConfiguration section */

/* Begin XCConfigurationList section */
		753773BB1B5FB3640081DA54 /* Build configuration list for PBXProject "ANKeyboardObserverManager" */ = {
			isa = XCConfigurationList;
			buildConfigurations = (
				753773DD1B5FB3650081DA54 /* Debug */,
				753773DE1B5FB3650081DA54 /* Release */,
			);
			defaultConfigurationIsVisible = 0;
			defaultConfigurationName = Release;
		};
		753773DF1B5FB3650081DA54 /* Build configuration list for PBXNativeTarget "ANKeyboardObserverManager" */ = {
			isa = XCConfigurationList;
			buildConfigurations = (
				753773E01B5FB3650081DA54 /* Debug */,
				753773E11B5FB3650081DA54 /* Release */,
			);
			defaultConfigurationIsVisible = 0;
			defaultConfigurationName = Release;
		};
		753773E21B5FB3650081DA54 /* Build configuration list for PBXNativeTarget "ANKeyboardObserverManagerTests" */ = {
			isa = XCConfigurationList;
			buildConfigurations = (
				753773E31B5FB3650081DA54 /* Debug */,
				753773E41B5FB3650081DA54 /* Release */,
			);
			defaultConfigurationIsVisible = 0;
			defaultConfigurationName = Release;
		};
/* End XCConfigurationList section */
	};
	rootObject = 753773B81B5FB3640081DA54 /* Project object */;
}
